
Microsoft Visual Studio Solution File, Format Version 12.00
# Visual Studio 14
VisualStudioVersion = 14.0.25420.1
MinimumVisualStudioVersion = 10.0.40219.1
Project("{FAE04EC0-301F-11D3-BF4B-00C04F79EFBC}") = "RFoundation.ORM", "RFoundation.ORM\RFoundation.ORM.csproj", "{87EFE158-4F10-461D-BFC1-9997B3B9177F}"
EndProject
Project("{FAE04EC0-301F-11D3-BF4B-00C04F79EFBC}") = "RFoundation.DAL.Interfaces", "RFoundation.DAL.Interfaces\RFoundation.DAL.Interfaces.csproj", "{BEAAA1C5-3D04-4346-B25F-D2481B757233}"
EndProject
Project("{FAE04EC0-301F-11D3-BF4B-00C04F79EFBC}") = "RFoundation.DAL.Implementation", "RFoundation.DAL.Implementation\RFoundation.DAL.Implementation.csproj", "{24ECE507-75C0-41D6-94B0-2BFD8E0D96E0}"
EndProject
Project("{FAE04EC0-301F-11D3-BF4B-00C04F79EFBC}") = "RFoundation.BLL.Interfaces", "RFoundation.BLL.Interfaces\RFoundation.BLL.Interfaces.csproj", "{811B7A7F-3D1F-4352-9611-775BC0DA9200}"
EndProject
Global
	GlobalSection(SolutionConfigurationPlatforms) = preSolution
		Debug|Any CPU = Debug|Any CPU
		Release|Any CPU = Release|Any CPU
	EndGlobalSection
	GlobalSection(ProjectConfigurationPlatforms) = postSolution
		{87EFE158-4F10-461D-BFC1-9997B3B9177F}.Debug|Any CPU.ActiveCfg = Debug|Any CPU
		{87EFE158-4F10-461D-BFC1-9997B3B9177F}.Debug|Any CPU.Build.0 = Debug|Any CPU
		{87EFE158-4F10-461D-BFC1-9997B3B9177F}.Release|Any CPU.ActiveCfg = Release|Any CPU
		{87EFE158-4F10-461D-BFC1-9997B3B9177F}.Release|Any CPU.Build.0 = Release|Any CPU
		{BEAAA1C5-3D04-4346-B25F-D2481B757233}.Debug|Any CPU.ActiveCfg = Debug|Any CPU
		{BEAAA1C5-3D04-4346-B25F-D2481B757233}.Debug|Any CPU.Build.0 = Debug|Any CPU
		{BEAAA1C5-3D04-4346-B25F-D2481B757233}.Release|Any CPU.ActiveCfg = Release|Any CPU
		{BEAAA1C5-3D04-4346-B25F-D2481B757233}.Release|Any CPU.Build.0 = Release|Any CPU
		{24ECE507-75C0-41D6-94B0-2BFD8E0D96E0}.Debug|Any CPU.ActiveCfg = Debug|Any CPU
		{24ECE507-75C0-41D6-94B0-2BFD8E0D96E0}.Debug|Any CPU.Build.0 = Debug|Any CPU
		{24ECE507-75C0-41D6-94B0-2BFD8E0D96E0}.Release|Any CPU.ActiveCfg = Release|Any CPU
		{24ECE507-75C0-41D6-94B0-2BFD8E0D96E0}.Release|Any CPU.Build.0 = Release|Any CPU
		{811B7A7F-3D1F-4352-9611-775BC0DA9200}.Debug|Any CPU.ActiveCfg = Debug|Any CPU
		{811B7A7F-3D1F-4352-9611-775BC0DA9200}.Debug|Any CPU.Build.0 = Debug|Any CPU
		{811B7A7F-3D1F-4352-9611-775BC0DA9200}.Release|Any CPU.ActiveCfg = Release|Any CPU
		{811B7A7F-3D1F-4352-9611-775BC0DA9200}.Release|Any CPU.Build.0 = Release|Any CPU
	EndGlobalSection
	GlobalSection(SolutionProperties) = preSolution
		HideSolutionNode = FALSE
	EndGlobalSection
EndGlobal
